
Microsoft Visual Studio Solution File, Format Version 12.00
# Visual Studio Version 17
VisualStudioVersion = 17.0.31903.59
MinimumVisualStudioVersion = 10.0.40219.1
Project("{2150E333-8FDC-42A3-9474-1A3956D46DE8}") = "FileService", "FileService", "{B2D0D014-0965-427A-9C8D-C7AD8315ADF1}"
EndProject
Project("{9A19103F-16F7-4668-BE54-9A1E7A4F7556}") = "FileService.WebAPI", "FileService.WebAPI\FileService.WebAPI.csproj", "{7A0799D6-8637-4D73-92E3-D80BCCAEFA47}"
EndProject
Project("{9A19103F-16F7-4668-BE54-9A1E7A4F7556}") = "FileService.Domain", "FileService.Domain\FileService.Domain.csproj", "{72A189DE-262B-4DAC-BB00-2BC192E0A312}"
EndProject
Project("{9A19103F-16F7-4668-BE54-9A1E7A4F7556}") = "FileService.Infrastructure", "FileService.Infrastructure\FileService.Infrastructure.csproj", "{85D7E50F-B334-4D5F-84A9-33F81B9E1648}"
EndProject
Project("{2150E333-8FDC-42A3-9474-1A3956D46DE8}") = "Commons", "Commons", "{17E04B90-22EA-4B99-AC1A-24E93C0EA19D}"
EndProject
Project("{9A19103F-16F7-4668-BE54-9A1E7A4F7556}") = "Commons.Domain", "Commons.Domain\Commons.Domain.csproj", "{D56FAEC7-5462-4739-95E6-22EB263AFDDE}"
EndProject
Project("{9A19103F-16F7-4668-BE54-9A1E7A4F7556}") = "Commons.Helpers", "Commons.Helpers\Commons.Helpers.csproj", "{95A485FF-CDFD-40D9-9875-8A7E1A665D45}"
EndProject
Project("{9A19103F-16F7-4668-BE54-9A1E7A4F7556}") = "Commons.Infrastructure", "Commons.Infrastructure\Commons.Infrastructure.csproj", "{7F99D01C-C2C0-4DA9-85A1-BE33C6BFA760}"
EndProject
Project("{9A19103F-16F7-4668-BE54-9A1E7A4F7556}") = "Commons.CommonInitializer", "Commons.CommonInitializer\Commons.CommonInitializer.csproj", "{22409D7C-E66B-47D5-B3EE-EA7D2A28693C}"
EndProject
Project("{9A19103F-16F7-4668-BE54-9A1E7A4F7556}") = "Commons.EventBus", "Commons.EventBus\Commons.EventBus.csproj", "{234153EF-A81E-4615-A3D5-BBABED08A63C}"
EndProject
Project("{9A19103F-16F7-4668-BE54-9A1E7A4F7556}") = "Commons.JWT", "Commons.JWT\Commons.JWT.csproj", "{3776CAC4-D4C0-4049-97FD-57DA17059EC9}"
EndProject
Project("{9A19103F-16F7-4668-BE54-9A1E7A4F7556}") = "Commons.ASPNETCore", "Commons.ASPNETCore\Commons.ASPNETCore.csproj", "{1B9E3F0C-2E29-4F1C-A772-D15D0D84EAEF}"
EndProject
Project("{9A19103F-16F7-4668-BE54-9A1E7A4F7556}") = "FileService.SDK.NETCore", "FileService.SDK.NETCore\FileService.SDK.NETCore.csproj", "{A60620F4-99CC-4C57-BDC7-7A58ED7D9EA0}"
EndProject
Project("{2150E333-8FDC-42A3-9474-1A3956D46DE8}") = "IdentityService", "IdentityService", "{DA201DAA-9ABA-40CB-B56A-F108F67CB3B8}"
EndProject
Project("{9A19103F-16F7-4668-BE54-9A1E7A4F7556}") = "IdentityService.Domain", "IdentityService.Domain\IdentityService.Domain.csproj", "{EC95BD63-2777-4E3D-BEED-A0D4678C472D}"
EndProject
Project("{FAE04EC0-301F-11D3-BF4B-00C04F79EFBC}") = "IdentityService.Infrastructure", "IdentityService.Infrastructure\IdentityService.Infrastructure.csproj", "{64F677EF-F1AE-4548-941A-047D9B608E74}"
EndProject
Global
	GlobalSection(SolutionConfigurationPlatforms) = preSolution
		Debug|Any CPU = Debug|Any CPU
		Release|Any CPU = Release|Any CPU
	EndGlobalSection
	GlobalSection(ProjectConfigurationPlatforms) = postSolution
		{7A0799D6-8637-4D73-92E3-D80BCCAEFA47}.Debug|Any CPU.ActiveCfg = Debug|Any CPU
		{7A0799D6-8637-4D73-92E3-D80BCCAEFA47}.Debug|Any CPU.Build.0 = Debug|Any CPU
		{7A0799D6-8637-4D73-92E3-D80BCCAEFA47}.Release|Any CPU.ActiveCfg = Release|Any CPU
		{7A0799D6-8637-4D73-92E3-D80BCCAEFA47}.Release|Any CPU.Build.0 = Release|Any CPU
		{72A189DE-262B-4DAC-BB00-2BC192E0A312}.Debug|Any CPU.ActiveCfg = Debug|Any CPU
		{72A189DE-262B-4DAC-BB00-2BC192E0A312}.Debug|Any CPU.Build.0 = Debug|Any CPU
		{72A189DE-262B-4DAC-BB00-2BC192E0A312}.Release|Any CPU.ActiveCfg = Release|Any CPU
		{72A189DE-262B-4DAC-BB00-2BC192E0A312}.Release|Any CPU.Build.0 = Release|Any CPU
		{85D7E50F-B334-4D5F-84A9-33F81B9E1648}.Debug|Any CPU.ActiveCfg = Debug|Any CPU
		{85D7E50F-B334-4D5F-84A9-33F81B9E1648}.Debug|Any CPU.Build.0 = Debug|Any CPU
		{85D7E50F-B334-4D5F-84A9-33F81B9E1648}.Release|Any CPU.ActiveCfg = Release|Any CPU
		{85D7E50F-B334-4D5F-84A9-33F81B9E1648}.Release|Any CPU.Build.0 = Release|Any CPU
		{D56FAEC7-5462-4739-95E6-22EB263AFDDE}.Debug|Any CPU.ActiveCfg = Debug|Any CPU
		{D56FAEC7-5462-4739-95E6-22EB263AFDDE}.Debug|Any CPU.Build.0 = Debug|Any CPU
		{D56FAEC7-5462-4739-95E6-22EB263AFDDE}.Release|Any CPU.ActiveCfg = Release|Any CPU
		{D56FAEC7-5462-4739-95E6-22EB263AFDDE}.Release|Any CPU.Build.0 = Release|Any CPU
		{95A485FF-CDFD-40D9-9875-8A7E1A665D45}.Debug|Any CPU.ActiveCfg = Debug|Any CPU
		{95A485FF-CDFD-40D9-9875-8A7E1A665D45}.Debug|Any CPU.Build.0 = Debug|Any CPU
		{95A485FF-CDFD-40D9-9875-8A7E1A665D45}.Release|Any CPU.ActiveCfg = Release|Any CPU
		{95A485FF-CDFD-40D9-9875-8A7E1A665D45}.Release|Any CPU.Build.0 = Release|Any CPU
		{7F99D01C-C2C0-4DA9-85A1-BE33C6BFA760}.Debug|Any CPU.ActiveCfg = Debug|Any CPU
		{7F99D01C-C2C0-4DA9-85A1-BE33C6BFA760}.Debug|Any CPU.Build.0 = Debug|Any CPU
		{7F99D01C-C2C0-4DA9-85A1-BE33C6BFA760}.Release|Any CPU.ActiveCfg = Release|Any CPU
		{7F99D01C-C2C0-4DA9-85A1-BE33C6BFA760}.Release|Any CPU.Build.0 = Release|Any CPU
		{22409D7C-E66B-47D5-B3EE-EA7D2A28693C}.Debug|Any CPU.ActiveCfg = Debug|Any CPU
		{22409D7C-E66B-47D5-B3EE-EA7D2A28693C}.Debug|Any CPU.Build.0 = Debug|Any CPU
		{22409D7C-E66B-47D5-B3EE-EA7D2A28693C}.Release|Any CPU.ActiveCfg = Release|Any CPU
		{22409D7C-E66B-47D5-B3EE-EA7D2A28693C}.Release|Any CPU.Build.0 = Release|Any CPU
		{234153EF-A81E-4615-A3D5-BBABED08A63C}.Debug|Any CPU.ActiveCfg = Debug|Any CPU
		{234153EF-A81E-4615-A3D5-BBABED08A63C}.Debug|Any CPU.Build.0 = Debug|Any CPU
		{234153EF-A81E-4615-A3D5-BBABED08A63C}.Release|Any CPU.ActiveCfg = Release|Any CPU
		{234153EF-A81E-4615-A3D5-BBABED08A63C}.Release|Any CPU.Build.0 = Release|Any CPU
		{3776CAC4-D4C0-4049-97FD-57DA17059EC9}.Debug|Any CPU.ActiveCfg = Debug|Any CPU
		{3776CAC4-D4C0-4049-97FD-57DA17059EC9}.Debug|Any CPU.Build.0 = Debug|Any CPU
		{3776CAC4-D4C0-4049-97FD-57DA17059EC9}.Release|Any CPU.ActiveCfg = Release|Any CPU
		{3776CAC4-D4C0-4049-97FD-57DA17059EC9}.Release|Any CPU.Build.0 = Release|Any CPU
		{1B9E3F0C-2E29-4F1C-A772-D15D0D84EAEF}.Debug|Any CPU.ActiveCfg = Debug|Any CPU
		{1B9E3F0C-2E29-4F1C-A772-D15D0D84EAEF}.Debug|Any CPU.Build.0 = Debug|Any CPU
		{1B9E3F0C-2E29-4F1C-A772-D15D0D84EAEF}.Release|Any CPU.ActiveCfg = Release|Any CPU
		{1B9E3F0C-2E29-4F1C-A772-D15D0D84EAEF}.Release|Any CPU.Build.0 = Release|Any CPU
		{A60620F4-99CC-4C57-BDC7-7A58ED7D9EA0}.Debug|Any CPU.ActiveCfg = Debug|Any CPU
		{A60620F4-99CC-4C57-BDC7-7A58ED7D9EA0}.Debug|Any CPU.Build.0 = Debug|Any CPU
		{A60620F4-99CC-4C57-BDC7-7A58ED7D9EA0}.Release|Any CPU.ActiveCfg = Release|Any CPU
		{A60620F4-99CC-4C57-BDC7-7A58ED7D9EA0}.Release|Any CPU.Build.0 = Release|Any CPU
		{EC95BD63-2777-4E3D-BEED-A0D4678C472D}.Debug|Any CPU.ActiveCfg = Debug|Any CPU
		{EC95BD63-2777-4E3D-BEED-A0D4678C472D}.Debug|Any CPU.Build.0 = Debug|Any CPU
		{EC95BD63-2777-4E3D-BEED-A0D4678C472D}.Release|Any CPU.ActiveCfg = Release|Any CPU
		{EC95BD63-2777-4E3D-BEED-A0D4678C472D}.Release|Any CPU.Build.0 = Release|Any CPU
		{64F677EF-F1AE-4548-941A-047D9B608E74}.Debug|Any CPU.ActiveCfg = Debug|Any CPU
		{64F677EF-F1AE-4548-941A-047D9B608E74}.Debug|Any CPU.Build.0 = Debug|Any CPU
		{64F677EF-F1AE-4548-941A-047D9B608E74}.Release|Any CPU.ActiveCfg = Release|Any CPU
		{64F677EF-F1AE-4548-941A-047D9B608E74}.Release|Any CPU.Build.0 = Release|Any CPU
	EndGlobalSection
	GlobalSection(SolutionProperties) = preSolution
		HideSolutionNode = FALSE
	EndGlobalSection
	GlobalSection(NestedProjects) = preSolution
		{7A0799D6-8637-4D73-92E3-D80BCCAEFA47} = {B2D0D014-0965-427A-9C8D-C7AD8315ADF1}
		{72A189DE-262B-4DAC-BB00-2BC192E0A312} = {B2D0D014-0965-427A-9C8D-C7AD8315ADF1}
		{85D7E50F-B334-4D5F-84A9-33F81B9E1648} = {B2D0D014-0965-427A-9C8D-C7AD8315ADF1}
		{D56FAEC7-5462-4739-95E6-22EB263AFDDE} = {17E04B90-22EA-4B99-AC1A-24E93C0EA19D}
		{95A485FF-CDFD-40D9-9875-8A7E1A665D45} = {17E04B90-22EA-4B99-AC1A-24E93C0EA19D}
		{7F99D01C-C2C0-4DA9-85A1-BE33C6BFA760} = {17E04B90-22EA-4B99-AC1A-24E93C0EA19D}
		{22409D7C-E66B-47D5-B3EE-EA7D2A28693C} = {17E04B90-22EA-4B99-AC1A-24E93C0EA19D}
		{234153EF-A81E-4615-A3D5-BBABED08A63C} = {17E04B90-22EA-4B99-AC1A-24E93C0EA19D}
		{3776CAC4-D4C0-4049-97FD-57DA17059EC9} = {17E04B90-22EA-4B99-AC1A-24E93C0EA19D}
		{1B9E3F0C-2E29-4F1C-A772-D15D0D84EAEF} = {17E04B90-22EA-4B99-AC1A-24E93C0EA19D}
		{A60620F4-99CC-4C57-BDC7-7A58ED7D9EA0} = {B2D0D014-0965-427A-9C8D-C7AD8315ADF1}
		{EC95BD63-2777-4E3D-BEED-A0D4678C472D} = {DA201DAA-9ABA-40CB-B56A-F108F67CB3B8}
		{64F677EF-F1AE-4548-941A-047D9B608E74} = {DA201DAA-9ABA-40CB-B56A-F108F67CB3B8}
	EndGlobalSection
	GlobalSection(ExtensibilityGlobals) = postSolution
		SolutionGuid = {859416E3-73D7-43C0-9CCA-E9771F6EBDC2}
	EndGlobalSection
EndGlobal
